
Microsoft Visual Studio Solution File, Format Version 12.00
# Visual Studio Version 16
VisualStudioVersion = 16.0.31424.327
MinimumVisualStudioVersion = 10.0.40219.1
Project("{FAE04EC0-301F-11D3-BF4B-00C04F79EFBC}") = "Deliverable 5", "Deliverable 5\Deliverable 5.csproj", "{FCDF8508-18E5-47DB-8054-25305EBF2B46}"
EndProject
Global
	GlobalSection(SolutionConfigurationPlatforms) = preSolution
		Debug|Any CPU = Debug|Any CPU
		Release|Any CPU = Release|Any CPU
	EndGlobalSection
	GlobalSection(ProjectConfigurationPlatforms) = postSolution
		{FCDF8508-18E5-47DB-8054-25305EBF2B46}.Debug|Any CPU.ActiveCfg = Debug|Any CPU
		{FCDF8508-18E5-47DB-8054-25305EBF2B46}.Debug|Any CPU.Build.0 = Debug|Any CPU
		{FCDF8508-18E5-47DB-8054-25305EBF2B46}.Release|Any CPU.ActiveCfg = Release|Any CPU
		{FCDF8508-18E5-47DB-8054-25305EBF2B46}.Release|Any CPU.Build.0 = Release|Any CPU
	EndGlobalSection
	GlobalSection(SolutionProperties) = preSolution
		HideSolutionNode = FALSE
	EndGlobalSection
	GlobalSection(ExtensibilityGlobals) = postSolution
		SolutionGuid = {92EF9724-AFF9-4114-866E-FE56D07A27CC}
	EndGlobalSection
EndGlobal
